
Microsoft Visual Studio Solution File, Format Version 12.00
Project("{FAE04EC0-301F-11D3-BF4B-00C04F79EFBC}") = "RawScript", "RawScript\RawScript.csproj", "{FFBCFFA9-1307-436B-9F19-E367ECE27BEE}"
EndProject
Project("{FAE04EC0-301F-11D3-BF4B-00C04F79EFBC}") = "RawScriptDemo", "RawScriptDemo\RawScriptDemo.csproj", "{D4010156-0DB1-461E-A491-FE0CD94FB126}"
EndProject
Project("{FAE04EC0-301F-11D3-BF4B-00C04F79EFBC}") = "RawToolkit", "RawToolkit\RawToolkit.csproj", "{58ACA75A-45E9-448A-B050-39CBF2725E95}"
EndProject
Global
	GlobalSection(SolutionConfigurationPlatforms) = preSolution
		Debug|Any CPU = Debug|Any CPU
		Release|Any CPU = Release|Any CPU
	EndGlobalSection
	GlobalSection(ProjectConfigurationPlatforms) = postSolution
		{FFBCFFA9-1307-436B-9F19-E367ECE27BEE}.Debug|Any CPU.ActiveCfg = Debug|Any CPU
		{FFBCFFA9-1307-436B-9F19-E367ECE27BEE}.Debug|Any CPU.Build.0 = Debug|Any CPU
		{FFBCFFA9-1307-436B-9F19-E367ECE27BEE}.Release|Any CPU.ActiveCfg = Release|Any CPU
		{FFBCFFA9-1307-436B-9F19-E367ECE27BEE}.Release|Any CPU.Build.0 = Release|Any CPU
		{D4010156-0DB1-461E-A491-FE0CD94FB126}.Debug|Any CPU.ActiveCfg = Debug|Any CPU
		{D4010156-0DB1-461E-A491-FE0CD94FB126}.Debug|Any CPU.Build.0 = Debug|Any CPU
		{D4010156-0DB1-461E-A491-FE0CD94FB126}.Release|Any CPU.ActiveCfg = Release|Any CPU
		{D4010156-0DB1-461E-A491-FE0CD94FB126}.Release|Any CPU.Build.0 = Release|Any CPU
		{58ACA75A-45E9-448A-B050-39CBF2725E95}.Debug|Any CPU.ActiveCfg = Debug|Any CPU
		{58ACA75A-45E9-448A-B050-39CBF2725E95}.Debug|Any CPU.Build.0 = Debug|Any CPU
		{58ACA75A-45E9-448A-B050-39CBF2725E95}.Release|Any CPU.ActiveCfg = Release|Any CPU
		{58ACA75A-45E9-448A-B050-39CBF2725E95}.Release|Any CPU.Build.0 = Release|Any CPU
	EndGlobalSection
EndGlobal
